
Microsoft Visual Studio Solution File, Format Version 12.00
# Visual Studio 15
VisualStudioVersion = 15.0.26730.16
MinimumVisualStudioVersion = 10.0.40219.1
Project("{D954291E-2A0B-460D-934E-DC6B0785DB48}") = "DuxTeam", "DuxTeam\DuxTeam\DuxTeam.shproj", "{DFEB1EC9-E896-4C9B-8D56-E7D566982E97}"
EndProject
Project("{FAE04EC0-301F-11D3-BF4B-00C04F79EFBC}") = "DuxTeam.Android", "DuxTeam\DuxTeam.Android\DuxTeam.Android.csproj", "{A614A431-9C1B-48ED-BCFC-D22CE9693052}"
EndProject
Project("{FAE04EC0-301F-11D3-BF4B-00C04F79EFBC}") = "DuxTeam.iOS", "DuxTeam\DuxTeam.iOS\DuxTeam.iOS.csproj", "{26D265EE-FA2D-4F73-9210-ABFE00F205BD}"
EndProject
Project("{FAE04EC0-301F-11D3-BF4B-00C04F79EFBC}") = "DuxTeam.UWP", "DuxTeam\DuxTeam.UWP\DuxTeam.UWP.csproj", "{48D342D4-F7C7-4A71-A5D8-F50F1BD33799}"
EndProject
Global
	GlobalSection(SharedMSBuildProjectFiles) = preSolution
		DuxTeam\DuxTeam\DuxTeam.projitems*{26d265ee-fa2d-4f73-9210-abfe00f205bd}*SharedItemsImports = 4
		DuxTeam\DuxTeam\DuxTeam.projitems*{a614a431-9c1b-48ed-bcfc-d22ce9693052}*SharedItemsImports = 4
		DuxTeam\DuxTeam\DuxTeam.projitems*{dfeb1ec9-e896-4c9b-8d56-e7d566982e97}*SharedItemsImports = 13
	EndGlobalSection
	GlobalSection(SolutionConfigurationPlatforms) = preSolution
		Ad-Hoc|Any CPU = Ad-Hoc|Any CPU
		Ad-Hoc|ARM = Ad-Hoc|ARM
		Ad-Hoc|iPhone = Ad-Hoc|iPhone
		Ad-Hoc|iPhoneSimulator = Ad-Hoc|iPhoneSimulator
		Ad-Hoc|x64 = Ad-Hoc|x64
		Ad-Hoc|x86 = Ad-Hoc|x86
		AppStore|Any CPU = AppStore|Any CPU
		AppStore|ARM = AppStore|ARM
		AppStore|iPhone = AppStore|iPhone
		AppStore|iPhoneSimulator = AppStore|iPhoneSimulator
		AppStore|x64 = AppStore|x64
		AppStore|x86 = AppStore|x86
		Debug|Any CPU = Debug|Any CPU
		Debug|ARM = Debug|ARM
		Debug|iPhone = Debug|iPhone
		Debug|iPhoneSimulator = Debug|iPhoneSimulator
		Debug|x64 = Debug|x64
		Debug|x86 = Debug|x86
		Release|Any CPU = Release|Any CPU
		Release|ARM = Release|ARM
		Release|iPhone = Release|iPhone
		Release|iPhoneSimulator = Release|iPhoneSimulator
		Release|x64 = Release|x64
		Release|x86 = Release|x86
	EndGlobalSection
	GlobalSection(ProjectConfigurationPlatforms) = postSolution
		{A614A431-9C1B-48ED-BCFC-D22CE9693052}.Ad-Hoc|Any CPU.ActiveCfg = Release|Any CPU
		{A614A431-9C1B-48ED-BCFC-D22CE9693052}.Ad-Hoc|Any CPU.Build.0 = Release|Any CPU
		{A614A431-9C1B-48ED-BCFC-D22CE9693052}.Ad-Hoc|Any CPU.Deploy.0 = Release|Any CPU
		{A614A431-9C1B-48ED-BCFC-D22CE9693052}.Ad-Hoc|ARM.ActiveCfg = Release|Any CPU
		{A614A431-9C1B-48ED-BCFC-D22CE9693052}.Ad-Hoc|ARM.Build.0 = Release|Any CPU
		{A614A431-9C1B-48ED-BCFC-D22CE9693052}.Ad-Hoc|ARM.Deploy.0 = Release|Any CPU
		{A614A431-9C1B-48ED-BCFC-D22CE9693052}.Ad-Hoc|iPhone.ActiveCfg = Release|Any CPU
		{A614A431-9C1B-48ED-BCFC-D22CE9693052}.Ad-Hoc|iPhone.Build.0 = Release|Any CPU
		{A614A431-9C1B-48ED-BCFC-D22CE9693052}.Ad-Hoc|iPhone.Deploy.0 = Release|Any CPU
		{A614A431-9C1B-48ED-BCFC-D22CE9693052}.Ad-Hoc|iPhoneSimulator.ActiveCfg = Release|Any CPU
		{A614A431-9C1B-48ED-BCFC-D22CE9693052}.Ad-Hoc|iPhoneSimulator.Build.0 = Release|Any CPU
		{A614A431-9C1B-48ED-BCFC-D22CE9693052}.Ad-Hoc|iPhoneSimulator.Deploy.0 = Release|Any CPU
		{A614A431-9C1B-48ED-BCFC-D22CE9693052}.Ad-Hoc|x64.ActiveCfg = Release|Any CPU
		{A614A431-9C1B-48ED-BCFC-D22CE9693052}.Ad-Hoc|x64.Build.0 = Release|Any CPU
		{A614A431-9C1B-48ED-BCFC-D22CE9693052}.Ad-Hoc|x64.Deploy.0 = Release|Any CPU
		{A614A431-9C1B-48ED-BCFC-D22CE9693052}.Ad-Hoc|x86.ActiveCfg = Release|Any CPU
		{A614A431-9C1B-48ED-BCFC-D22CE9693052}.Ad-Hoc|x86.Build.0 = Release|Any CPU
		{A614A431-9C1B-48ED-BCFC-D22CE9693052}.Ad-Hoc|x86.Deploy.0 = Release|Any CPU
		{A614A431-9C1B-48ED-BCFC-D22CE9693052}.AppStore|Any CPU.ActiveCfg = Release|Any CPU
		{A614A431-9C1B-48ED-BCFC-D22CE9693052}.AppStore|Any CPU.Build.0 = Release|Any CPU
		{A614A431-9C1B-48ED-BCFC-D22CE9693052}.AppStore|Any CPU.Deploy.0 = Release|Any CPU
		{A614A431-9C1B-48ED-BCFC-D22CE9693052}.AppStore|ARM.ActiveCfg = Release|Any CPU
		{A614A431-9C1B-48ED-BCFC-D22CE9693052}.AppStore|ARM.Build.0 = Release|Any CPU
		{A614A431-9C1B-48ED-BCFC-D22CE9693052}.AppStore|ARM.Deploy.0 = Release|Any CPU
		{A614A431-9C1B-48ED-BCFC-D22CE9693052}.AppStore|iPhone.ActiveCfg = Release|Any CPU
		{A614A431-9C1B-48ED-BCFC-D22CE9693052}.AppStore|iPhone.Build.0 = Release|Any CPU
		{A614A431-9C1B-48ED-BCFC-D22CE9693052}.AppStore|iPhone.Deploy.0 = Release|Any CPU
		{A614A431-9C1B-48ED-BCFC-D22CE9693052}.AppStore|iPhoneSimulator.ActiveCfg = Release|Any CPU
		{A614A431-9C1B-48ED-BCFC-D22CE9693052}.AppStore|iPhoneSimulator.Build.0 = Release|Any CPU
		{A614A431-9C1B-48ED-BCFC-D22CE9693052}.AppStore|iPhoneSimulator.Deploy.0 = Release|Any CPU
		{A614A431-9C1B-48ED-BCFC-D22CE9693052}.AppStore|x64.ActiveCfg = Release|Any CPU
		{A614A431-9C1B-48ED-BCFC-D22CE9693052}.AppStore|x64.Build.0 = Release|Any CPU
		{A614A431-9C1B-48ED-BCFC-D22CE9693052}.AppStore|x64.Deploy.0 = Release|Any CPU
		{A614A431-9C1B-48ED-BCFC-D22CE9693052}.AppStore|x86.ActiveCfg = Release|Any CPU
		{A614A431-9C1B-48ED-BCFC-D22CE9693052}.AppStore|x86.Build.0 = Release|Any CPU
		{A614A431-9C1B-48ED-BCFC-D22CE9693052}.AppStore|x86.Deploy.0 = Release|Any CPU
		{A614A431-9C1B-48ED-BCFC-D22CE9693052}.Debug|Any CPU.ActiveCfg = Debug|Any CPU
		{A614A431-9C1B-48ED-BCFC-D22CE9693052}.Debug|Any CPU.Build.0 = Debug|Any CPU
		{A614A431-9C1B-48ED-BCFC-D22CE9693052}.Debug|Any CPU.Deploy.0 = Debug|Any CPU
		{A614A431-9C1B-48ED-BCFC-D22CE9693052}.Debug|ARM.ActiveCfg = Debug|Any CPU
		{A614A431-9C1B-48ED-BCFC-D22CE9693052}.Debug|ARM.Build.0 = Debug|Any CPU
		{A614A431-9C1B-48ED-BCFC-D22CE9693052}.Debug|ARM.Deploy.0 = Debug|Any CPU
		{A614A431-9C1B-48ED-BCFC-D22CE9693052}.Debug|iPhone.ActiveCfg = Debug|Any CPU
		{A614A431-9C1B-48ED-BCFC-D22CE9693052}.Debug|iPhone.Build.0 = Debug|Any CPU
		{A614A431-9C1B-48ED-BCFC-D22CE9693052}.Debug|iPhone.Deploy.0 = Debug|Any CPU
		{A614A431-9C1B-48ED-BCFC-D22CE9693052}.Debug|iPhoneSimulator.ActiveCfg = Debug|Any CPU
		{A614A431-9C1B-48ED-BCFC-D22CE9693052}.Debug|iPhoneSimulator.Build.0 = Debug|Any CPU
		{A614A431-9C1B-48ED-BCFC-D22CE9693052}.Debug|iPhoneSimulator.Deploy.0 = Debug|Any CPU
		{A614A431-9C1B-48ED-BCFC-D22CE9693052}.Debug|x64.ActiveCfg = Debug|Any CPU
		{A614A431-9C1B-48ED-BCFC-D22CE9693052}.Debug|x64.Build.0 = Debug|Any CPU
		{A614A431-9C1B-48ED-BCFC-D22CE9693052}.Debug|x64.Deploy.0 = Debug|Any CPU
		{A614A431-9C1B-48ED-BCFC-D22CE9693052}.Debug|x86.ActiveCfg = Debug|Any CPU
		{A614A431-9C1B-48ED-BCFC-D22CE9693052}.Debug|x86.Build.0 = Debug|Any CPU
		{A614A431-9C1B-48ED-BCFC-D22CE9693052}.Debug|x86.Deploy.0 = Debug|Any CPU
		{A614A431-9C1B-48ED-BCFC-D22CE9693052}.Release|Any CPU.ActiveCfg = Release|Any CPU
		{A614A431-9C1B-48ED-BCFC-D22CE9693052}.Release|Any CPU.Build.0 = Release|Any CPU
		{A614A431-9C1B-48ED-BCFC-D22CE9693052}.Release|Any CPU.Deploy.0 = Release|Any CPU
		{A614A431-9C1B-48ED-BCFC-D22CE9693052}.Release|ARM.ActiveCfg = Release|Any CPU
		{A614A431-9C1B-48ED-BCFC-D22CE9693052}.Release|ARM.Build.0 = Release|Any CPU
		{A614A431-9C1B-48ED-BCFC-D22CE9693052}.Release|ARM.Deploy.0 = Release|Any CPU
		{A614A431-9C1B-48ED-BCFC-D22CE9693052}.Release|iPhone.ActiveCfg = Release|Any CPU
		{A614A431-9C1B-48ED-BCFC-D22CE9693052}.Release|iPhone.Build.0 = Release|Any CPU
		{A614A431-9C1B-48ED-BCFC-D22CE9693052}.Release|iPhone.Deploy.0 = Release|Any CPU
		{A614A431-9C1B-48ED-BCFC-D22CE9693052}.Release|iPhoneSimulator.ActiveCfg = Release|Any CPU
		{A614A431-9C1B-48ED-BCFC-D22CE9693052}.Release|iPhoneSimulator.Build.0 = Release|Any CPU
		{A614A431-9C1B-48ED-BCFC-D22CE9693052}.Release|iPhoneSimulator.Deploy.0 = Release|Any CPU
		{A614A431-9C1B-48ED-BCFC-D22CE9693052}.Release|x64.ActiveCfg = Release|Any CPU
		{A614A431-9C1B-48ED-BCFC-D22CE9693052}.Release|x64.Build.0 = Release|Any CPU
		{A614A431-9C1B-48ED-BCFC-D22CE9693052}.Release|x64.Deploy.0 = Release|Any CPU
		{A614A431-9C1B-48ED-BCFC-D22CE9693052}.Release|x86.ActiveCfg = Release|Any CPU
		{A614A431-9C1B-48ED-BCFC-D22CE9693052}.Release|x86.Build.0 = Release|Any CPU
		{A614A431-9C1B-48ED-BCFC-D22CE9693052}.Release|x86.Deploy.0 = Release|Any CPU
		{26D265EE-FA2D-4F73-9210-ABFE00F205BD}.Ad-Hoc|Any CPU.ActiveCfg = Ad-Hoc|iPhone
		{26D265EE-FA2D-4F73-9210-ABFE00F205BD}.Ad-Hoc|ARM.ActiveCfg = Ad-Hoc|iPhone
		{26D265EE-FA2D-4F73-9210-ABFE00F205BD}.Ad-Hoc|iPhone.ActiveCfg = Ad-Hoc|iPhone
		{26D265EE-FA2D-4F73-9210-ABFE00F205BD}.Ad-Hoc|iPhone.Build.0 = Ad-Hoc|iPhone
		{26D265EE-FA2D-4F73-9210-ABFE00F205BD}.Ad-Hoc|iPhoneSimulator.ActiveCfg = Ad-Hoc|iPhoneSimulator
		{26D265EE-FA2D-4F73-9210-ABFE00F205BD}.Ad-Hoc|iPhoneSimulator.Build.0 = Ad-Hoc|iPhoneSimulator
		{26D265EE-FA2D-4F73-9210-ABFE00F205BD}.Ad-Hoc|x64.ActiveCfg = Ad-Hoc|iPhone
		{26D265EE-FA2D-4F73-9210-ABFE00F205BD}.Ad-Hoc|x86.ActiveCfg = Ad-Hoc|iPhone
		{26D265EE-FA2D-4F73-9210-ABFE00F205BD}.AppStore|Any CPU.ActiveCfg = AppStore|iPhone
		{26D265EE-FA2D-4F73-9210-ABFE00F205BD}.AppStore|ARM.ActiveCfg = AppStore|iPhone
		{26D265EE-FA2D-4F73-9210-ABFE00F205BD}.AppStore|iPhone.ActiveCfg = AppStore|iPhone
		{26D265EE-FA2D-4F73-9210-ABFE00F205BD}.AppStore|iPhone.Build.0 = AppStore|iPhone
		{26D265EE-FA2D-4F73-9210-ABFE00F205BD}.AppStore|iPhoneSimulator.ActiveCfg = AppStore|iPhoneSimulator
		{26D265EE-FA2D-4F73-9210-ABFE00F205BD}.AppStore|iPhoneSimulator.Build.0 = AppStore|iPhoneSimulator
		{26D265EE-FA2D-4F73-9210-ABFE00F205BD}.AppStore|x64.ActiveCfg = AppStore|iPhone
		{26D265EE-FA2D-4F73-9210-ABFE00F205BD}.AppStore|x86.ActiveCfg = AppStore|iPhone
		{26D265EE-FA2D-4F73-9210-ABFE00F205BD}.Debug|Any CPU.ActiveCfg = Debug|iPhone
		{26D265EE-FA2D-4F73-9210-ABFE00F205BD}.Debug|ARM.ActiveCfg = Debug|iPhone
		{26D265EE-FA2D-4F73-9210-ABFE00F205BD}.Debug|iPhone.ActiveCfg = Debug|iPhone
		{26D265EE-FA2D-4F73-9210-ABFE00F205BD}.Debug|iPhone.Build.0 = Debug|iPhone
		{26D265EE-FA2D-4F73-9210-ABFE00F205BD}.Debug|iPhoneSimulator.ActiveCfg = Debug|iPhoneSimulator
		{26D265EE-FA2D-4F73-9210-ABFE00F205BD}.Debug|iPhoneSimulator.Build.0 = Debug|iPhoneSimulator
		{26D265EE-FA2D-4F73-9210-ABFE00F205BD}.Debug|x64.ActiveCfg = Debug|iPhone
		{26D265EE-FA2D-4F73-9210-ABFE00F205BD}.Debug|x86.ActiveCfg = Debug|iPhone
		{26D265EE-FA2D-4F73-9210-ABFE00F205BD}.Release|Any CPU.ActiveCfg = Release|iPhone
		{26D265EE-FA2D-4F73-9210-ABFE00F205BD}.Release|ARM.ActiveCfg = Release|iPhone
		{26D265EE-FA2D-4F73-9210-ABFE00F205BD}.Release|iPhone.ActiveCfg = Release|iPhone
		{26D265EE-FA2D-4F73-9210-ABFE00F205BD}.Release|iPhone.Build.0 = Release|iPhone
		{26D265EE-FA2D-4F73-9210-ABFE00F205BD}.Release|iPhoneSimulator.ActiveCfg = Release|iPhoneSimulator
		{26D265EE-FA2D-4F73-9210-ABFE00F205BD}.Release|iPhoneSimulator.Build.0 = Release|iPhoneSimulator
		{26D265EE-FA2D-4F73-9210-ABFE00F205BD}.Release|x64.ActiveCfg = Release|iPhone
		{26D265EE-FA2D-4F73-9210-ABFE00F205BD}.Release|x86.ActiveCfg = Release|iPhone
		{48D342D4-F7C7-4A71-A5D8-F50F1BD33799}.Ad-Hoc|Any CPU.ActiveCfg = Release|x86
		{48D342D4-F7C7-4A71-A5D8-F50F1BD33799}.Ad-Hoc|Any CPU.Build.0 = Release|x86
		{48D342D4-F7C7-4A71-A5D8-F50F1BD33799}.Ad-Hoc|Any CPU.Deploy.0 = Release|x86
		{48D342D4-F7C7-4A71-A5D8-F50F1BD33799}.Ad-Hoc|ARM.ActiveCfg = Release|ARM
		{48D342D4-F7C7-4A71-A5D8-F50F1BD33799}.Ad-Hoc|ARM.Build.0 = Release|ARM
		{48D342D4-F7C7-4A71-A5D8-F50F1BD33799}.Ad-Hoc|ARM.Deploy.0 = Release|ARM
		{48D342D4-F7C7-4A71-A5D8-F50F1BD33799}.Ad-Hoc|iPhone.ActiveCfg = Release|x86
		{48D342D4-F7C7-4A71-A5D8-F50F1BD33799}.Ad-Hoc|iPhone.Build.0 = Release|x86
		{48D342D4-F7C7-4A71-A5D8-F50F1BD33799}.Ad-Hoc|iPhone.Deploy.0 = Release|x86
		{48D342D4-F7C7-4A71-A5D8-F50F1BD33799}.Ad-Hoc|iPhoneSimulator.ActiveCfg = Release|x86
		{48D342D4-F7C7-4A71-A5D8-F50F1BD33799}.Ad-Hoc|iPhoneSimulator.Build.0 = Release|x86
		{48D342D4-F7C7-4A71-A5D8-F50F1BD33799}.Ad-Hoc|iPhoneSimulator.Deploy.0 = Release|x86
		{48D342D4-F7C7-4A71-A5D8-F50F1BD33799}.Ad-Hoc|x64.ActiveCfg = Release|x64
		{48D342D4-F7C7-4A71-A5D8-F50F1BD33799}.Ad-Hoc|x64.Build.0 = Release|x64
		{48D342D4-F7C7-4A71-A5D8-F50F1BD33799}.Ad-Hoc|x64.Deploy.0 = Release|x64
		{48D342D4-F7C7-4A71-A5D8-F50F1BD33799}.Ad-Hoc|x86.ActiveCfg = Release|x86
		{48D342D4-F7C7-4A71-A5D8-F50F1BD33799}.Ad-Hoc|x86.Build.0 = Release|x86
		{48D342D4-F7C7-4A71-A5D8-F50F1BD33799}.Ad-Hoc|x86.Deploy.0 = Release|x86
		{48D342D4-F7C7-4A71-A5D8-F50F1BD33799}.AppStore|Any CPU.ActiveCfg = Release|x86
		{48D342D4-F7C7-4A71-A5D8-F50F1BD33799}.AppStore|Any CPU.Build.0 = Release|x86
		{48D342D4-F7C7-4A71-A5D8-F50F1BD33799}.AppStore|Any CPU.Deploy.0 = Release|x86
		{48D342D4-F7C7-4A71-A5D8-F50F1BD33799}.AppStore|ARM.ActiveCfg = Release|ARM
		{48D342D4-F7C7-4A71-A5D8-F50F1BD33799}.AppStore|ARM.Build.0 = Release|ARM
		{48D342D4-F7C7-4A71-A5D8-F50F1BD33799}.AppStore|ARM.Deploy.0 = Release|ARM
		{48D342D4-F7C7-4A71-A5D8-F50F1BD33799}.AppStore|iPhone.ActiveCfg = Release|x86
		{48D342D4-F7C7-4A71-A5D8-F50F1BD33799}.AppStore|iPhone.Build.0 = Release|x86
		{48D342D4-F7C7-4A71-A5D8-F50F1BD33799}.AppStore|iPhone.Deploy.0 = Release|x86
		{48D342D4-F7C7-4A71-A5D8-F50F1BD33799}.AppStore|iPhoneSimulator.ActiveCfg = Release|x86
		{48D342D4-F7C7-4A71-A5D8-F50F1BD33799}.AppStore|iPhoneSimulator.Build.0 = Release|x86
		{48D342D4-F7C7-4A71-A5D8-F50F1BD33799}.AppStore|iPhoneSimulator.Deploy.0 = Release|x86
		{48D342D4-F7C7-4A71-A5D8-F50F1BD33799}.AppStore|x64.ActiveCfg = Release|x64
		{48D342D4-F7C7-4A71-A5D8-F50F1BD33799}.AppStore|x64.Build.0 = Release|x64
		{48D342D4-F7C7-4A71-A5D8-F50F1BD33799}.AppStore|x64.Deploy.0 = Release|x64
		{48D342D4-F7C7-4A71-A5D8-F50F1BD33799}.AppStore|x86.ActiveCfg = Release|x86
		{48D342D4-F7C7-4A71-A5D8-F50F1BD33799}.AppStore|x86.Build.0 = Release|x86
		{48D342D4-F7C7-4A71-A5D8-F50F1BD33799}.AppStore|x86.Deploy.0 = Release|x86
		{48D342D4-F7C7-4A71-A5D8-F50F1BD33799}.Debug|Any CPU.ActiveCfg = Debug|x86
		{48D342D4-F7C7-4A71-A5D8-F50F1BD33799}.Debug|ARM.ActiveCfg = Debug|ARM
		{48D342D4-F7C7-4A71-A5D8-F50F1BD33799}.Debug|ARM.Build.0 = Debug|ARM
		{48D342D4-F7C7-4A71-A5D8-F50F1BD33799}.Debug|ARM.Deploy.0 = Debug|ARM
		{48D342D4-F7C7-4A71-A5D8-F50F1BD33799}.Debug|iPhone.ActiveCfg = Debug|x86
		{48D342D4-F7C7-4A71-A5D8-F50F1BD33799}.Debug|iPhoneSimulator.ActiveCfg = Debug|x86
		{48D342D4-F7C7-4A71-A5D8-F50F1BD33799}.Debug|x64.ActiveCfg = Debug|x64
		{48D342D4-F7C7-4A71-A5D8-F50F1BD33799}.Debug|x64.Build.0 = Debug|x64
		{48D342D4-F7C7-4A71-A5D8-F50F1BD33799}.Debug|x64.Deploy.0 = Debug|x64
		{48D342D4-F7C7-4A71-A5D8-F50F1BD33799}.Debug|x86.ActiveCfg = Debug|x86
		{48D342D4-F7C7-4A71-A5D8-F50F1BD33799}.Debug|x86.Build.0 = Debug|x86
		{48D342D4-F7C7-4A71-A5D8-F50F1BD33799}.Debug|x86.Deploy.0 = Debug|x86
		{48D342D4-F7C7-4A71-A5D8-F50F1BD33799}.Release|Any CPU.ActiveCfg = Release|x86
		{48D342D4-F7C7-4A71-A5D8-F50F1BD33799}.Release|ARM.ActiveCfg = Release|ARM
		{48D342D4-F7C7-4A71-A5D8-F50F1BD33799}.Release|ARM.Build.0 = Release|ARM
		{48D342D4-F7C7-4A71-A5D8-F50F1BD33799}.Release|ARM.Deploy.0 = Release|ARM
		{48D342D4-F7C7-4A71-A5D8-F50F1BD33799}.Release|iPhone.ActiveCfg = Release|x86
		{48D342D4-F7C7-4A71-A5D8-F50F1BD33799}.Release|iPhoneSimulator.ActiveCfg = Release|x86
		{48D342D4-F7C7-4A71-A5D8-F50F1BD33799}.Release|x64.ActiveCfg = Release|x64
		{48D342D4-F7C7-4A71-A5D8-F50F1BD33799}.Release|x64.Build.0 = Release|x64
		{48D342D4-F7C7-4A71-A5D8-F50F1BD33799}.Release|x64.Deploy.0 = Release|x64
		{48D342D4-F7C7-4A71-A5D8-F50F1BD33799}.Release|x86.ActiveCfg = Release|x86
		{48D342D4-F7C7-4A71-A5D8-F50F1BD33799}.Release|x86.Build.0 = Release|x86
		{48D342D4-F7C7-4A71-A5D8-F50F1BD33799}.Release|x86.Deploy.0 = Release|x86
	EndGlobalSection
	GlobalSection(SolutionProperties) = preSolution
		HideSolutionNode = FALSE
	EndGlobalSection
	GlobalSection(ExtensibilityGlobals) = postSolution
		SolutionGuid = {9CDBB9FB-BE8C-4942-B94D-EF5B42F73142}
	EndGlobalSection
EndGlobal
